
Microsoft Visual Studio Solution File, Format Version 12.00
# Visual Studio Version 17
VisualStudioVersion = 17.4.33205.214
MinimumVisualStudioVersion = 10.0.40219.1
Project("{9A19103F-16F7-4668-BE54-9A1E7A4F7556}") = "AllaganSync", "AllaganSync\AllaganSync.csproj", "{461676D5-B10B-4BEC-9C1F-B5E6AF11621F}"
EndProject
Project("{FAE04EC0-301F-11D3-BF4B-00C04F79EFBC}") = "AllaganSyncServer", "AllaganSyncServer\AllaganSyncServer.csproj", "{457CF71D-9D76-47C0-B2DD-32D3E6ABFC25}"
EndProject
Global
	GlobalSection(SolutionConfigurationPlatforms) = preSolution
		Debug|Any CPU = Debug|Any CPU
		Debug|x64 = Debug|x64
		Release|Any CPU = Release|Any CPU
		Release|x64 = Release|x64
	EndGlobalSection
	GlobalSection(ProjectConfigurationPlatforms) = postSolution
		{461676D5-B10B-4BEC-9C1F-B5E6AF11621F}.Debug|Any CPU.ActiveCfg = Debug|x64
		{461676D5-B10B-4BEC-9C1F-B5E6AF11621F}.Debug|Any CPU.Build.0 = Debug|x64
		{461676D5-B10B-4BEC-9C1F-B5E6AF11621F}.Debug|x64.ActiveCfg = Debug|x64
		{461676D5-B10B-4BEC-9C1F-B5E6AF11621F}.Debug|x64.Build.0 = Debug|x64
		{461676D5-B10B-4BEC-9C1F-B5E6AF11621F}.Release|Any CPU.ActiveCfg = Release|Any CPU
		{461676D5-B10B-4BEC-9C1F-B5E6AF11621F}.Release|Any CPU.Build.0 = Release|Any CPU
		{461676D5-B10B-4BEC-9C1F-B5E6AF11621F}.Release|x64.ActiveCfg = Release|x64
		{461676D5-B10B-4BEC-9C1F-B5E6AF11621F}.Release|x64.Build.0 = Release|x64
		{457CF71D-9D76-47C0-B2DD-32D3E6ABFC25}.Debug|Any CPU.ActiveCfg = Debug|Any CPU
		{457CF71D-9D76-47C0-B2DD-32D3E6ABFC25}.Debug|Any CPU.Build.0 = Debug|Any CPU
		{457CF71D-9D76-47C0-B2DD-32D3E6ABFC25}.Debug|x64.ActiveCfg = Debug|Any CPU
		{457CF71D-9D76-47C0-B2DD-32D3E6ABFC25}.Debug|x64.Build.0 = Debug|Any CPU
		{457CF71D-9D76-47C0-B2DD-32D3E6ABFC25}.Release|Any CPU.ActiveCfg = Release|Any CPU
		{457CF71D-9D76-47C0-B2DD-32D3E6ABFC25}.Release|Any CPU.Build.0 = Release|Any CPU
		{457CF71D-9D76-47C0-B2DD-32D3E6ABFC25}.Release|x64.ActiveCfg = Release|Any CPU
		{457CF71D-9D76-47C0-B2DD-32D3E6ABFC25}.Release|x64.Build.0 = Release|Any CPU
	EndGlobalSection
	GlobalSection(SolutionProperties) = preSolution
		HideSolutionNode = FALSE
	EndGlobalSection
	GlobalSection(ExtensibilityGlobals) = postSolution
		SolutionGuid = {5243FACD-D8C7-49BE-9625-950F6E6FCB33}
	EndGlobalSection
EndGlobal
